{
  "name": "src",
  "lockfileVersion": 3,
  "requires": true,
  "packages": {
    "": {
      "dependencies": {
        "three": "^0.167.1",
        "three-orbitcontrols": "^2.110.2"
      }
    },
    "node_modules/three": {
      "version": "0.167.1",
      "resolved": "https://registry.npmjs.org/three/-/three-0.167.1.tgz",
      "integrity": "sha512-gYTLJA/UQip6J/tJvl91YYqlZF47+D/kxiWrbTon35ZHlXEN0VOo+Qke2walF1/x92v55H6enomymg4Dak52kw==",
      "license": "MIT"
    },
    "node_modules/three-orbitcontrols": {
      "version": "2.110.2",
      "resolved": "https://registry.npmjs.org/three-orbitcontrols/-/three-orbitcontrols-2.110.2.tgz",
      "integrity": "sha512-XiYzp2l6mHcHuuDuURWhQUc96Oc4FW2Mesu2lhL596pBWt0ympKHgPKqEXxv2bRka+gq9cbfNI6DdBu5RredLg==",
      "license": "MIT",
      "peerDependencies": {
        "three": ">= 0.110.0"
      }
    }
  }
}
